
Microsoft Visual Studio Solution File, Format Version 12.00
# Visual Studio 15
Project("{FAE04EC0-301F-11D3-BF4B-00C04F79EFBC}") = "Assembly-CSharp", "Assembly-CSharp.csproj", "{2A3D047B-3CDD-CBE7-1203-5EFE51965FE6}"
EndProject
Project("{FAE04EC0-301F-11D3-BF4B-00C04F79EFBC}") = "Assembly-CSharp-firstpass", "Assembly-CSharp-firstpass.csproj", "{69D1DF8F-BA24-1A2E-B0E0-9E4107FD5091}"
EndProject
Global
	GlobalSection(SolutionConfigurationPlatforms) = preSolution
		Debug|Any CPU = Debug|Any CPU
		Release|Any CPU = Release|Any CPU
	EndGlobalSection
	GlobalSection(ProjectConfigurationPlatforms) = postSolution
		{2A3D047B-3CDD-CBE7-1203-5EFE51965FE6}.Debug|Any CPU.ActiveCfg = Debug|Any CPU
		{2A3D047B-3CDD-CBE7-1203-5EFE51965FE6}.Debug|Any CPU.Build.0 = Debug|Any CPU
		{2A3D047B-3CDD-CBE7-1203-5EFE51965FE6}.Release|Any CPU.ActiveCfg = Release|Any CPU
		{2A3D047B-3CDD-CBE7-1203-5EFE51965FE6}.Release|Any CPU.Build.0 = Release|Any CPU
		{69D1DF8F-BA24-1A2E-B0E0-9E4107FD5091}.Debug|Any CPU.ActiveCfg = Debug|Any CPU
		{69D1DF8F-BA24-1A2E-B0E0-9E4107FD5091}.Debug|Any CPU.Build.0 = Debug|Any CPU
		{69D1DF8F-BA24-1A2E-B0E0-9E4107FD5091}.Release|Any CPU.ActiveCfg = Release|Any CPU
		{69D1DF8F-BA24-1A2E-B0E0-9E4107FD5091}.Release|Any CPU.Build.0 = Release|Any CPU
	EndGlobalSection
	GlobalSection(SolutionProperties) = preSolution
		HideSolutionNode = FALSE
	EndGlobalSection
EndGlobal
